
Microsoft Visual Studio Solution File, Format Version 12.00
# Visual Studio 14
VisualStudioVersion = 14.0.24720.0
MinimumVisualStudioVersion = 10.0.40219.1
Project("{FAE04EC0-301F-11D3-BF4B-00C04F79EFBC}") = "MSCorp.FirstResponse.AzureSearch.Commands", "MSCorp.FirstResponse.AzureSearch.Commands\MSCorp.FirstResponse.AzureSearch.Commands.csproj", "{161E197A-E671-4C2D-9E02-F61A3088639B}"
EndProject
Global
	GlobalSection(SolutionConfigurationPlatforms) = preSolution
		Debug|Any CPU = Debug|Any CPU
		Release|Any CPU = Release|Any CPU
	EndGlobalSection
	GlobalSection(ProjectConfigurationPlatforms) = postSolution
		{161E197A-E671-4C2D-9E02-F61A3088639B}.Debug|Any CPU.ActiveCfg = Debug|Any CPU
		{161E197A-E671-4C2D-9E02-F61A3088639B}.Debug|Any CPU.Build.0 = Debug|Any CPU
		{161E197A-E671-4C2D-9E02-F61A3088639B}.Release|Any CPU.ActiveCfg = Release|Any CPU
		{161E197A-E671-4C2D-9E02-F61A3088639B}.Release|Any CPU.Build.0 = Release|Any CPU
	EndGlobalSection
	GlobalSection(SolutionProperties) = preSolution
		HideSolutionNode = FALSE
	EndGlobalSection
EndGlobal
